
Microsoft Visual Studio Solution File, Format Version 12.00
# Visual Studio Version 17
VisualStudioVersion = 17.11.35327.3
MinimumVisualStudioVersion = 10.0.40219.1
Project("{9A19103F-16F7-4668-BE54-9A1E7A4F7556}") = "Server", "Server\Server.csproj", "{1AB09800-F3D5-47F4-8B42-94811E80C78E}"
EndProject
Project("{9A19103F-16F7-4668-BE54-9A1E7A4F7556}") = "Client", "Client\Client.csproj", "{8778C7DA-2674-44D1-8F58-4E91355C262D}"
EndProject
Project("{9A19103F-16F7-4668-BE54-9A1E7A4F7556}") = "BaseLibrary", "BaseLibrary\BaseLibrary.csproj", "{57C6E6D3-DB23-452C-9398-443BC22BD586}"
EndProject
Project("{9A19103F-16F7-4668-BE54-9A1E7A4F7556}") = "ServerLibrary", "ServerLibrary\ServerLibrary.csproj", "{8752F387-0BC2-4B59-A684-BA3255FABE69}"
EndProject
Project("{2150E333-8FDC-42A3-9474-1A3956D46DE8}") = "Solution Items", "Solution Items", "{90E71C09-239E-490A-B49F-8427F8512CFC}"
	ProjectSection(SolutionItems) = preProject
		.editorconfig = .editorconfig
	EndProjectSection
EndProject
Project("{9A19103F-16F7-4668-BE54-9A1E7A4F7556}") = "ClientCommon", "ClientCommon\ClientCommon.csproj", "{B5ACD558-A4DE-49ED-8367-375157B56129}"
EndProject
Global
	GlobalSection(SolutionConfigurationPlatforms) = preSolution
		Debug|Any CPU = Debug|Any CPU
		Release|Any CPU = Release|Any CPU
	EndGlobalSection
	GlobalSection(ProjectConfigurationPlatforms) = postSolution
		{1AB09800-F3D5-47F4-8B42-94811E80C78E}.Debug|Any CPU.ActiveCfg = Debug|Any CPU
		{1AB09800-F3D5-47F4-8B42-94811E80C78E}.Debug|Any CPU.Build.0 = Debug|Any CPU
		{1AB09800-F3D5-47F4-8B42-94811E80C78E}.Release|Any CPU.ActiveCfg = Release|Any CPU
		{1AB09800-F3D5-47F4-8B42-94811E80C78E}.Release|Any CPU.Build.0 = Release|Any CPU
		{8778C7DA-2674-44D1-8F58-4E91355C262D}.Debug|Any CPU.ActiveCfg = Debug|Any CPU
		{8778C7DA-2674-44D1-8F58-4E91355C262D}.Debug|Any CPU.Build.0 = Debug|Any CPU
		{8778C7DA-2674-44D1-8F58-4E91355C262D}.Release|Any CPU.ActiveCfg = Release|Any CPU
		{8778C7DA-2674-44D1-8F58-4E91355C262D}.Release|Any CPU.Build.0 = Release|Any CPU
		{57C6E6D3-DB23-452C-9398-443BC22BD586}.Debug|Any CPU.ActiveCfg = Debug|Any CPU
		{57C6E6D3-DB23-452C-9398-443BC22BD586}.Debug|Any CPU.Build.0 = Debug|Any CPU
		{57C6E6D3-DB23-452C-9398-443BC22BD586}.Release|Any CPU.ActiveCfg = Release|Any CPU
		{57C6E6D3-DB23-452C-9398-443BC22BD586}.Release|Any CPU.Build.0 = Release|Any CPU
		{8752F387-0BC2-4B59-A684-BA3255FABE69}.Debug|Any CPU.ActiveCfg = Debug|Any CPU
		{8752F387-0BC2-4B59-A684-BA3255FABE69}.Debug|Any CPU.Build.0 = Debug|Any CPU
		{8752F387-0BC2-4B59-A684-BA3255FABE69}.Release|Any CPU.ActiveCfg = Release|Any CPU
		{8752F387-0BC2-4B59-A684-BA3255FABE69}.Release|Any CPU.Build.0 = Release|Any CPU
		{B5ACD558-A4DE-49ED-8367-375157B56129}.Debug|Any CPU.ActiveCfg = Debug|Any CPU
		{B5ACD558-A4DE-49ED-8367-375157B56129}.Debug|Any CPU.Build.0 = Debug|Any CPU
		{B5ACD558-A4DE-49ED-8367-375157B56129}.Release|Any CPU.ActiveCfg = Release|Any CPU
		{B5ACD558-A4DE-49ED-8367-375157B56129}.Release|Any CPU.Build.0 = Release|Any CPU
	EndGlobalSection
	GlobalSection(SolutionProperties) = preSolution
		HideSolutionNode = FALSE
	EndGlobalSection
	GlobalSection(ExtensibilityGlobals) = postSolution
		SolutionGuid = {D69A8DFE-2679-4025-AF70-5505F48985F2}
	EndGlobalSection
EndGlobal
